
Microsoft Visual Studio Solution File, Format Version 12.00
# Visual Studio Version 17
VisualStudioVersion = 17.11.35222.181
MinimumVisualStudioVersion = 10.0.40219.1
Project("{9A19103F-16F7-4668-BE54-9A1E7A4F7556}") = "Lab01", "Lab01\Lab01.csproj", "{71F1E806-3C0C-45A5-A254-5CAA4F5F8B7F}"
EndProject
Project("{9A19103F-16F7-4668-BE54-9A1E7A4F7556}") = "Lab02", "Lab02\Lab02.csproj", "{D19C2DF1-4E15-40CA-B58D-5204FBA807D7}"
EndProject
Project("{9A19103F-16F7-4668-BE54-9A1E7A4F7556}") = "Lab03", "Lab03\Lab03.csproj", "{292D7022-BA15-45E8-B287-3B68B0856A8D}"
EndProject
Project("{FAE04EC0-301F-11D3-BF4B-00C04F79EFBC}") = "Lab04", "Lab04\Lab04.csproj", "{119A708F-AA96-4950-8808-5BFF9C2C2B57}"
EndProject
Global
	GlobalSection(SolutionConfigurationPlatforms) = preSolution
		Debug|Any CPU = Debug|Any CPU
		Release|Any CPU = Release|Any CPU
	EndGlobalSection
	GlobalSection(ProjectConfigurationPlatforms) = postSolution
		{71F1E806-3C0C-45A5-A254-5CAA4F5F8B7F}.Debug|Any CPU.ActiveCfg = Debug|Any CPU
		{71F1E806-3C0C-45A5-A254-5CAA4F5F8B7F}.Debug|Any CPU.Build.0 = Debug|Any CPU
		{71F1E806-3C0C-45A5-A254-5CAA4F5F8B7F}.Release|Any CPU.ActiveCfg = Release|Any CPU
		{71F1E806-3C0C-45A5-A254-5CAA4F5F8B7F}.Release|Any CPU.Build.0 = Release|Any CPU
		{D19C2DF1-4E15-40CA-B58D-5204FBA807D7}.Debug|Any CPU.ActiveCfg = Debug|Any CPU
		{D19C2DF1-4E15-40CA-B58D-5204FBA807D7}.Debug|Any CPU.Build.0 = Debug|Any CPU
		{D19C2DF1-4E15-40CA-B58D-5204FBA807D7}.Release|Any CPU.ActiveCfg = Release|Any CPU
		{D19C2DF1-4E15-40CA-B58D-5204FBA807D7}.Release|Any CPU.Build.0 = Release|Any CPU
		{292D7022-BA15-45E8-B287-3B68B0856A8D}.Debug|Any CPU.ActiveCfg = Debug|Any CPU
		{292D7022-BA15-45E8-B287-3B68B0856A8D}.Debug|Any CPU.Build.0 = Debug|Any CPU
		{292D7022-BA15-45E8-B287-3B68B0856A8D}.Release|Any CPU.ActiveCfg = Release|Any CPU
		{292D7022-BA15-45E8-B287-3B68B0856A8D}.Release|Any CPU.Build.0 = Release|Any CPU
		{119A708F-AA96-4950-8808-5BFF9C2C2B57}.Debug|Any CPU.ActiveCfg = Debug|Any CPU
		{119A708F-AA96-4950-8808-5BFF9C2C2B57}.Debug|Any CPU.Build.0 = Debug|Any CPU
		{119A708F-AA96-4950-8808-5BFF9C2C2B57}.Release|Any CPU.ActiveCfg = Release|Any CPU
		{119A708F-AA96-4950-8808-5BFF9C2C2B57}.Release|Any CPU.Build.0 = Release|Any CPU
	EndGlobalSection
	GlobalSection(SolutionProperties) = preSolution
		HideSolutionNode = FALSE
	EndGlobalSection
	GlobalSection(ExtensibilityGlobals) = postSolution
		SolutionGuid = {CC725C0A-54F2-406E-8E7A-7C9D7348C22B}
	EndGlobalSection
EndGlobal
